
Microsoft Visual Studio Solution File, Format Version 12.00
# Visual Studio Version 17
VisualStudioVersion = 17.2.32630.192
MinimumVisualStudioVersion = 10.0.40219.1
Project("{9A19103F-16F7-4668-BE54-9A1E7A4F7556}") = "R5T.F0110.Construction", "R5T.F0110.Construction\R5T.F0110.Construction.csproj", "{92F92EE5-CA5B-4E25-9670-6156BE055CC1}"
EndProject
Project("{9A19103F-16F7-4668-BE54-9A1E7A4F7556}") = "R5T.F0110", "R5T.F0110\R5T.F0110.csproj", "{EB59FEE4-749C-4BBE-ABB1-86F557B7302A}"
EndProject
Global
	GlobalSection(SolutionConfigurationPlatforms) = preSolution
		Debug|Any CPU = Debug|Any CPU
		Release|Any CPU = Release|Any CPU
	EndGlobalSection
	GlobalSection(ProjectConfigurationPlatforms) = postSolution
		{92F92EE5-CA5B-4E25-9670-6156BE055CC1}.Debug|Any CPU.ActiveCfg = Debug|Any CPU
		{92F92EE5-CA5B-4E25-9670-6156BE055CC1}.Debug|Any CPU.Build.0 = Debug|Any CPU
		{92F92EE5-CA5B-4E25-9670-6156BE055CC1}.Release|Any CPU.ActiveCfg = Release|Any CPU
		{92F92EE5-CA5B-4E25-9670-6156BE055CC1}.Release|Any CPU.Build.0 = Release|Any CPU
		{EB59FEE4-749C-4BBE-ABB1-86F557B7302A}.Debug|Any CPU.ActiveCfg = Debug|Any CPU
		{EB59FEE4-749C-4BBE-ABB1-86F557B7302A}.Debug|Any CPU.Build.0 = Debug|Any CPU
		{EB59FEE4-749C-4BBE-ABB1-86F557B7302A}.Release|Any CPU.ActiveCfg = Release|Any CPU
		{EB59FEE4-749C-4BBE-ABB1-86F557B7302A}.Release|Any CPU.Build.0 = Release|Any CPU
	EndGlobalSection
	GlobalSection(SolutionProperties) = preSolution
		HideSolutionNode = FALSE
	EndGlobalSection
	GlobalSection(ExtensibilityGlobals) = postSolution
		SolutionGuid = {92CE4356-017F-4A98-A4BA-51DDF0D5B15E}
	EndGlobalSection
EndGlobal
