
Microsoft Visual Studio Solution File, Format Version 12.00
# Visual Studio Version 17
VisualStudioVersion = 17.2.32630.192
MinimumVisualStudioVersion = 10.0.40219.1
Project("{9A19103F-16F7-4668-BE54-9A1E7A4F7556}") = "R5T.F0110.Construction", "R5T.F0110.Construction\R5T.F0110.Construction.csproj", "{92F92EE5-CA5B-4E25-9670-6156BE055CC1}"
EndProject
Project("{9A19103F-16F7-4668-BE54-9A1E7A4F7556}") = "R5T.F0110", "R5T.F0110\R5T.F0110.csproj", "{EB59FEE4-749C-4BBE-ABB1-86F557B7302A}"
EndProject
Project("{2150E333-8FDC-42A3-9474-1A3956D46DE8}") = "_Dependencies", "_Dependencies", "{A4D178A0-639D-45FD-9FDF-EFF3614CD578}"
EndProject
Project("{9A19103F-16F7-4668-BE54-9A1E7A4F7556}") = "R5T.T0151", "..\..\R5T.T0151\source\R5T.T0151\R5T.T0151.csproj", "{02B73E1E-1DF5-4D55-BF3D-B61F0C0CBF6D}"
EndProject
Project("{9A19103F-16F7-4668-BE54-9A1E7A4F7556}") = "R5T.T0143", "..\..\R5T.T0143\source\R5T.T0143\R5T.T0143.csproj", "{4C74D7BC-8B9E-4CCD-9147-5D8AF7C0FA4D}"
EndProject
Project("{9A19103F-16F7-4668-BE54-9A1E7A4F7556}") = "R5T.T0150", "..\..\R5T.T0150\source\R5T.T0150\R5T.T0150.csproj", "{AA2356A1-F4AD-41EA-82DB-7B22AFA8F3B6}"
EndProject
Project("{9A19103F-16F7-4668-BE54-9A1E7A4F7556}") = "R5T.T0175", "..\..\R5T.T0175\source\R5T.T0175\R5T.T0175.csproj", "{6F8D4A60-E6FA-4B3D-8BA5-C6DA1AEF9D3A}"
EndProject
Project("{9A19103F-16F7-4668-BE54-9A1E7A4F7556}") = "R5T.F0110.T000", "R5T.F0110.T000\R5T.F0110.T000.csproj", "{27553FC2-0097-4E36-AE9F-E01DA97A9EA0}"
EndProject
Project("{9A19103F-16F7-4668-BE54-9A1E7A4F7556}") = "R5T.F0000", "..\..\R5T.F0000\source\R5T.F0000\R5T.F0000.csproj", "{CA9A981F-B4E2-485A-B59F-ED2E6073644B}"
EndProject
Project("{9A19103F-16F7-4668-BE54-9A1E7A4F7556}") = "R5T.T0131", "..\..\R5T.T0131\source\R5T.T0131\R5T.T0131.csproj", "{280FEA58-D377-4008-97EF-8A1B82708C2B}"
EndProject
Project("{9A19103F-16F7-4668-BE54-9A1E7A4F7556}") = "R5T.T0132", "..\..\R5T.T0132\source\R5T.T0132\R5T.T0132.csproj", "{DCED28AF-2530-4C6D-9880-BC44315C5DCE}"
EndProject
Project("{9A19103F-16F7-4668-BE54-9A1E7A4F7556}") = "R5T.T0142", "..\..\R5T.T0142\source\R5T.T0142\R5T.T0142.csproj", "{EEFC1E51-CF37-41E9-BB9A-1C8272614D3F}"
EndProject
Project("{9A19103F-16F7-4668-BE54-9A1E7A4F7556}") = "R5T.T0156", "..\..\R5T.T0156\source\R5T.T0156\R5T.T0156.csproj", "{AE45492C-CEB3-4775-99AE-04876AC6F270}"
EndProject
Project("{9A19103F-16F7-4668-BE54-9A1E7A4F7556}") = "R5T.Y0000", "..\..\R5T.Y0000\source\R5T.Y0000\R5T.Y0000.csproj", "{E68DDD2F-C8B3-4C56-A596-437B3F628710}"
EndProject
Project("{9A19103F-16F7-4668-BE54-9A1E7A4F7556}") = "R5T.Z0000", "..\..\R5T.Z0000\source\R5T.Z0000\R5T.Z0000.csproj", "{DB25CD36-CC96-4137-8F54-27A8D3C12B21}"
EndProject
Project("{9A19103F-16F7-4668-BE54-9A1E7A4F7556}") = "R5T.F0110.T001", "R5T.F0110.T001\R5T.F0110.T001.csproj", "{EBBA8494-B3EA-4A2B-BB0E-A09D5679AC3A}"
EndProject
Project("{9A19103F-16F7-4668-BE54-9A1E7A4F7556}") = "R5T.T0137", "..\..\R5T.T0137\source\R5T.T0137\R5T.T0137.csproj", "{65BFB889-B958-4091-9901-71CB7B49C726}"
EndProject
Global
	GlobalSection(SolutionConfigurationPlatforms) = preSolution
		Debug|Any CPU = Debug|Any CPU
		Release|Any CPU = Release|Any CPU
	EndGlobalSection
	GlobalSection(ProjectConfigurationPlatforms) = postSolution
		{92F92EE5-CA5B-4E25-9670-6156BE055CC1}.Debug|Any CPU.ActiveCfg = Debug|Any CPU
		{92F92EE5-CA5B-4E25-9670-6156BE055CC1}.Debug|Any CPU.Build.0 = Debug|Any CPU
		{92F92EE5-CA5B-4E25-9670-6156BE055CC1}.Release|Any CPU.ActiveCfg = Release|Any CPU
		{92F92EE5-CA5B-4E25-9670-6156BE055CC1}.Release|Any CPU.Build.0 = Release|Any CPU
		{EB59FEE4-749C-4BBE-ABB1-86F557B7302A}.Debug|Any CPU.ActiveCfg = Debug|Any CPU
		{EB59FEE4-749C-4BBE-ABB1-86F557B7302A}.Debug|Any CPU.Build.0 = Debug|Any CPU
		{EB59FEE4-749C-4BBE-ABB1-86F557B7302A}.Release|Any CPU.ActiveCfg = Release|Any CPU
		{EB59FEE4-749C-4BBE-ABB1-86F557B7302A}.Release|Any CPU.Build.0 = Release|Any CPU
		{02B73E1E-1DF5-4D55-BF3D-B61F0C0CBF6D}.Debug|Any CPU.ActiveCfg = Debug|Any CPU
		{02B73E1E-1DF5-4D55-BF3D-B61F0C0CBF6D}.Debug|Any CPU.Build.0 = Debug|Any CPU
		{02B73E1E-1DF5-4D55-BF3D-B61F0C0CBF6D}.Release|Any CPU.ActiveCfg = Release|Any CPU
		{02B73E1E-1DF5-4D55-BF3D-B61F0C0CBF6D}.Release|Any CPU.Build.0 = Release|Any CPU
		{4C74D7BC-8B9E-4CCD-9147-5D8AF7C0FA4D}.Debug|Any CPU.ActiveCfg = Debug|Any CPU
		{4C74D7BC-8B9E-4CCD-9147-5D8AF7C0FA4D}.Debug|Any CPU.Build.0 = Debug|Any CPU
		{4C74D7BC-8B9E-4CCD-9147-5D8AF7C0FA4D}.Release|Any CPU.ActiveCfg = Release|Any CPU
		{4C74D7BC-8B9E-4CCD-9147-5D8AF7C0FA4D}.Release|Any CPU.Build.0 = Release|Any CPU
		{AA2356A1-F4AD-41EA-82DB-7B22AFA8F3B6}.Debug|Any CPU.ActiveCfg = Debug|Any CPU
		{AA2356A1-F4AD-41EA-82DB-7B22AFA8F3B6}.Debug|Any CPU.Build.0 = Debug|Any CPU
		{AA2356A1-F4AD-41EA-82DB-7B22AFA8F3B6}.Release|Any CPU.ActiveCfg = Release|Any CPU
		{AA2356A1-F4AD-41EA-82DB-7B22AFA8F3B6}.Release|Any CPU.Build.0 = Release|Any CPU
		{6F8D4A60-E6FA-4B3D-8BA5-C6DA1AEF9D3A}.Debug|Any CPU.ActiveCfg = Debug|Any CPU
		{6F8D4A60-E6FA-4B3D-8BA5-C6DA1AEF9D3A}.Debug|Any CPU.Build.0 = Debug|Any CPU
		{6F8D4A60-E6FA-4B3D-8BA5-C6DA1AEF9D3A}.Release|Any CPU.ActiveCfg = Release|Any CPU
		{6F8D4A60-E6FA-4B3D-8BA5-C6DA1AEF9D3A}.Release|Any CPU.Build.0 = Release|Any CPU
		{27553FC2-0097-4E36-AE9F-E01DA97A9EA0}.Debug|Any CPU.ActiveCfg = Debug|Any CPU
		{27553FC2-0097-4E36-AE9F-E01DA97A9EA0}.Debug|Any CPU.Build.0 = Debug|Any CPU
		{27553FC2-0097-4E36-AE9F-E01DA97A9EA0}.Release|Any CPU.ActiveCfg = Release|Any CPU
		{27553FC2-0097-4E36-AE9F-E01DA97A9EA0}.Release|Any CPU.Build.0 = Release|Any CPU
		{CA9A981F-B4E2-485A-B59F-ED2E6073644B}.Debug|Any CPU.ActiveCfg = Debug|Any CPU
		{CA9A981F-B4E2-485A-B59F-ED2E6073644B}.Debug|Any CPU.Build.0 = Debug|Any CPU
		{CA9A981F-B4E2-485A-B59F-ED2E6073644B}.Release|Any CPU.ActiveCfg = Release|Any CPU
		{CA9A981F-B4E2-485A-B59F-ED2E6073644B}.Release|Any CPU.Build.0 = Release|Any CPU
		{280FEA58-D377-4008-97EF-8A1B82708C2B}.Debug|Any CPU.ActiveCfg = Debug|Any CPU
		{280FEA58-D377-4008-97EF-8A1B82708C2B}.Debug|Any CPU.Build.0 = Debug|Any CPU
		{280FEA58-D377-4008-97EF-8A1B82708C2B}.Release|Any CPU.ActiveCfg = Release|Any CPU
		{280FEA58-D377-4008-97EF-8A1B82708C2B}.Release|Any CPU.Build.0 = Release|Any CPU
		{DCED28AF-2530-4C6D-9880-BC44315C5DCE}.Debug|Any CPU.ActiveCfg = Debug|Any CPU
		{DCED28AF-2530-4C6D-9880-BC44315C5DCE}.Debug|Any CPU.Build.0 = Debug|Any CPU
		{DCED28AF-2530-4C6D-9880-BC44315C5DCE}.Release|Any CPU.ActiveCfg = Release|Any CPU
		{DCED28AF-2530-4C6D-9880-BC44315C5DCE}.Release|Any CPU.Build.0 = Release|Any CPU
		{EEFC1E51-CF37-41E9-BB9A-1C8272614D3F}.Debug|Any CPU.ActiveCfg = Debug|Any CPU
		{EEFC1E51-CF37-41E9-BB9A-1C8272614D3F}.Debug|Any CPU.Build.0 = Debug|Any CPU
		{EEFC1E51-CF37-41E9-BB9A-1C8272614D3F}.Release|Any CPU.ActiveCfg = Release|Any CPU
		{EEFC1E51-CF37-41E9-BB9A-1C8272614D3F}.Release|Any CPU.Build.0 = Release|Any CPU
		{AE45492C-CEB3-4775-99AE-04876AC6F270}.Debug|Any CPU.ActiveCfg = Debug|Any CPU
		{AE45492C-CEB3-4775-99AE-04876AC6F270}.Debug|Any CPU.Build.0 = Debug|Any CPU
		{AE45492C-CEB3-4775-99AE-04876AC6F270}.Release|Any CPU.ActiveCfg = Release|Any CPU
		{AE45492C-CEB3-4775-99AE-04876AC6F270}.Release|Any CPU.Build.0 = Release|Any CPU
		{E68DDD2F-C8B3-4C56-A596-437B3F628710}.Debug|Any CPU.ActiveCfg = Debug|Any CPU
		{E68DDD2F-C8B3-4C56-A596-437B3F628710}.Debug|Any CPU.Build.0 = Debug|Any CPU
		{E68DDD2F-C8B3-4C56-A596-437B3F628710}.Release|Any CPU.ActiveCfg = Release|Any CPU
		{E68DDD2F-C8B3-4C56-A596-437B3F628710}.Release|Any CPU.Build.0 = Release|Any CPU
		{DB25CD36-CC96-4137-8F54-27A8D3C12B21}.Debug|Any CPU.ActiveCfg = Debug|Any CPU
		{DB25CD36-CC96-4137-8F54-27A8D3C12B21}.Debug|Any CPU.Build.0 = Debug|Any CPU
		{DB25CD36-CC96-4137-8F54-27A8D3C12B21}.Release|Any CPU.ActiveCfg = Release|Any CPU
		{DB25CD36-CC96-4137-8F54-27A8D3C12B21}.Release|Any CPU.Build.0 = Release|Any CPU
		{EBBA8494-B3EA-4A2B-BB0E-A09D5679AC3A}.Debug|Any CPU.ActiveCfg = Debug|Any CPU
		{EBBA8494-B3EA-4A2B-BB0E-A09D5679AC3A}.Debug|Any CPU.Build.0 = Debug|Any CPU
		{EBBA8494-B3EA-4A2B-BB0E-A09D5679AC3A}.Release|Any CPU.ActiveCfg = Release|Any CPU
		{EBBA8494-B3EA-4A2B-BB0E-A09D5679AC3A}.Release|Any CPU.Build.0 = Release|Any CPU
		{65BFB889-B958-4091-9901-71CB7B49C726}.Debug|Any CPU.ActiveCfg = Debug|Any CPU
		{65BFB889-B958-4091-9901-71CB7B49C726}.Debug|Any CPU.Build.0 = Debug|Any CPU
		{65BFB889-B958-4091-9901-71CB7B49C726}.Release|Any CPU.ActiveCfg = Release|Any CPU
		{65BFB889-B958-4091-9901-71CB7B49C726}.Release|Any CPU.Build.0 = Release|Any CPU
	EndGlobalSection
	GlobalSection(SolutionProperties) = preSolution
		HideSolutionNode = FALSE
	EndGlobalSection
	GlobalSection(NestedProjects) = preSolution
		{02B73E1E-1DF5-4D55-BF3D-B61F0C0CBF6D} = {A4D178A0-639D-45FD-9FDF-EFF3614CD578}
		{4C74D7BC-8B9E-4CCD-9147-5D8AF7C0FA4D} = {A4D178A0-639D-45FD-9FDF-EFF3614CD578}
		{AA2356A1-F4AD-41EA-82DB-7B22AFA8F3B6} = {A4D178A0-639D-45FD-9FDF-EFF3614CD578}
		{6F8D4A60-E6FA-4B3D-8BA5-C6DA1AEF9D3A} = {A4D178A0-639D-45FD-9FDF-EFF3614CD578}
		{CA9A981F-B4E2-485A-B59F-ED2E6073644B} = {A4D178A0-639D-45FD-9FDF-EFF3614CD578}
		{280FEA58-D377-4008-97EF-8A1B82708C2B} = {A4D178A0-639D-45FD-9FDF-EFF3614CD578}
		{DCED28AF-2530-4C6D-9880-BC44315C5DCE} = {A4D178A0-639D-45FD-9FDF-EFF3614CD578}
		{EEFC1E51-CF37-41E9-BB9A-1C8272614D3F} = {A4D178A0-639D-45FD-9FDF-EFF3614CD578}
		{AE45492C-CEB3-4775-99AE-04876AC6F270} = {A4D178A0-639D-45FD-9FDF-EFF3614CD578}
		{E68DDD2F-C8B3-4C56-A596-437B3F628710} = {A4D178A0-639D-45FD-9FDF-EFF3614CD578}
		{DB25CD36-CC96-4137-8F54-27A8D3C12B21} = {A4D178A0-639D-45FD-9FDF-EFF3614CD578}
		{65BFB889-B958-4091-9901-71CB7B49C726} = {A4D178A0-639D-45FD-9FDF-EFF3614CD578}
	EndGlobalSection
	GlobalSection(ExtensibilityGlobals) = postSolution
		SolutionGuid = {92CE4356-017F-4A98-A4BA-51DDF0D5B15E}
	EndGlobalSection
EndGlobal
